
Microsoft Visual Studio Solution File, Format Version 12.00
# Visual Studio 15
VisualStudioVersion = 15.0.27428.2037
MinimumVisualStudioVersion = 10.0.40219.1
Project("{FAE04EC0-301F-11D3-BF4B-00C04F79EFBC}") = "LG", "begly\LG.csproj", "{70543B2D-BF51-44B9-A593-A1669EB7B028}"
EndProject
Global
	GlobalSection(SolutionConfigurationPlatforms) = preSolution
		Debug|Any CPU = Debug|Any CPU
		Release|Any CPU = Release|Any CPU
	EndGlobalSection
	GlobalSection(ProjectConfigurationPlatforms) = postSolution
		{70543B2D-BF51-44B9-A593-A1669EB7B028}.Debug|Any CPU.ActiveCfg = Debug|Any CPU
		{70543B2D-BF51-44B9-A593-A1669EB7B028}.Debug|Any CPU.Build.0 = Debug|Any CPU
		{70543B2D-BF51-44B9-A593-A1669EB7B028}.Release|Any CPU.ActiveCfg = Release|Any CPU
		{70543B2D-BF51-44B9-A593-A1669EB7B028}.Release|Any CPU.Build.0 = Release|Any CPU
	EndGlobalSection
	GlobalSection(SolutionProperties) = preSolution
		HideSolutionNode = FALSE
	EndGlobalSection
	GlobalSection(ExtensibilityGlobals) = postSolution
		SolutionGuid = {FC390F4B-2942-4A1E-999A-6D7D2564916B}
	EndGlobalSection
EndGlobal
